
Microsoft Visual Studio Solution File, Format Version 12.00
# Visual Studio Version 17
VisualStudioVersion = 17.10.35027.167
MinimumVisualStudioVersion = 10.0.40219.1
Project("{9A19103F-16F7-4668-BE54-9A1E7A4F7556}") = "MatrixAlg", "MatrixAlg\MatrixAlg.csproj", "{3185E8E6-DB0B-4B06-B9A3-F36157C1BD7B}"
EndProject
Project("{9A19103F-16F7-4668-BE54-9A1E7A4F7556}") = "CubeAlg", "CubeAlg\CubeAlg.csproj", "{BD7E759D-10F8-4F70-9173-DCBF73E42EE1}"
EndProject
Project("{2150E333-8FDC-42A3-9474-1A3956D46DE8}") = "SolutionItems", "SolutionItems", "{C81654E4-53E2-480B-83F5-0C49722FC772}"
	ProjectSection(SolutionItems) = preProject
		.github\workflows\build.yml = .github\workflows\build.yml
		README.md = README.md
	EndProjectSection
EndProject
Project("{9A19103F-16F7-4668-BE54-9A1E7A4F7556}") = "MatrixDiagAlg", "MatrixDiagAlg\MatrixDiagAlg.csproj", "{CEF9A702-DCC2-416A-B6F5-37E3003C44C0}"
EndProject
Project("{9A19103F-16F7-4668-BE54-9A1E7A4F7556}") = "MosaicAlg", "MosaicAlg\MosaicAlg.csproj", "{7B84BA0B-13C5-4D86-96A5-0FC47BAA92AA}"
EndProject
Project("{9A19103F-16F7-4668-BE54-9A1E7A4F7556}") = "MatrixShared", "MatrixShared\MatrixShared.csproj", "{978CA395-497A-480C-BCA4-F9554EFCE0FF}"
EndProject
Project("{9A19103F-16F7-4668-BE54-9A1E7A4F7556}") = "AbsolutelySymmetricCubeAlg", "AbsolutelySymmetricCubeAlg\AbsolutelySymmetricCubeAlg.csproj", "{E58DB37C-7CE3-487A-8F73-7BF92734EE12}"
EndProject
Project("{FAE04EC0-301F-11D3-BF4B-00C04F79EFBC}") = "PFunctionAlg", "PFunctionAlg\PFunctionAlg.csproj", "{02EF302A-5D3E-484F-B7DF-08E0C159C128}"
EndProject
Project("{FAE04EC0-301F-11D3-BF4B-00C04F79EFBC}") = "PFunctionAnalyzerAlg", "PFunctionAnalyzerAlg\PFunctionAnalyzerAlg.csproj", "{10F9CE03-29A7-4DB7-A1CF-543A50F0BBFD}"
EndProject
Global
	GlobalSection(SolutionConfigurationPlatforms) = preSolution
		Debug|Any CPU = Debug|Any CPU
		Release|Any CPU = Release|Any CPU
	EndGlobalSection
	GlobalSection(ProjectConfigurationPlatforms) = postSolution
		{3185E8E6-DB0B-4B06-B9A3-F36157C1BD7B}.Debug|Any CPU.ActiveCfg = Debug|Any CPU
		{3185E8E6-DB0B-4B06-B9A3-F36157C1BD7B}.Debug|Any CPU.Build.0 = Debug|Any CPU
		{3185E8E6-DB0B-4B06-B9A3-F36157C1BD7B}.Release|Any CPU.ActiveCfg = Release|Any CPU
		{3185E8E6-DB0B-4B06-B9A3-F36157C1BD7B}.Release|Any CPU.Build.0 = Release|Any CPU
		{BD7E759D-10F8-4F70-9173-DCBF73E42EE1}.Debug|Any CPU.ActiveCfg = Debug|Any CPU
		{BD7E759D-10F8-4F70-9173-DCBF73E42EE1}.Debug|Any CPU.Build.0 = Debug|Any CPU
		{BD7E759D-10F8-4F70-9173-DCBF73E42EE1}.Release|Any CPU.ActiveCfg = Release|Any CPU
		{BD7E759D-10F8-4F70-9173-DCBF73E42EE1}.Release|Any CPU.Build.0 = Release|Any CPU
		{CEF9A702-DCC2-416A-B6F5-37E3003C44C0}.Debug|Any CPU.ActiveCfg = Debug|Any CPU
		{CEF9A702-DCC2-416A-B6F5-37E3003C44C0}.Debug|Any CPU.Build.0 = Debug|Any CPU
		{CEF9A702-DCC2-416A-B6F5-37E3003C44C0}.Release|Any CPU.ActiveCfg = Release|Any CPU
		{CEF9A702-DCC2-416A-B6F5-37E3003C44C0}.Release|Any CPU.Build.0 = Release|Any CPU
		{7B84BA0B-13C5-4D86-96A5-0FC47BAA92AA}.Debug|Any CPU.ActiveCfg = Debug|Any CPU
		{7B84BA0B-13C5-4D86-96A5-0FC47BAA92AA}.Debug|Any CPU.Build.0 = Debug|Any CPU
		{7B84BA0B-13C5-4D86-96A5-0FC47BAA92AA}.Release|Any CPU.ActiveCfg = Release|Any CPU
		{7B84BA0B-13C5-4D86-96A5-0FC47BAA92AA}.Release|Any CPU.Build.0 = Release|Any CPU
		{978CA395-497A-480C-BCA4-F9554EFCE0FF}.Debug|Any CPU.ActiveCfg = Debug|Any CPU
		{978CA395-497A-480C-BCA4-F9554EFCE0FF}.Debug|Any CPU.Build.0 = Debug|Any CPU
		{978CA395-497A-480C-BCA4-F9554EFCE0FF}.Release|Any CPU.ActiveCfg = Release|Any CPU
		{978CA395-497A-480C-BCA4-F9554EFCE0FF}.Release|Any CPU.Build.0 = Release|Any CPU
		{E58DB37C-7CE3-487A-8F73-7BF92734EE12}.Debug|Any CPU.ActiveCfg = Debug|Any CPU
		{E58DB37C-7CE3-487A-8F73-7BF92734EE12}.Debug|Any CPU.Build.0 = Debug|Any CPU
		{E58DB37C-7CE3-487A-8F73-7BF92734EE12}.Release|Any CPU.ActiveCfg = Release|Any CPU
		{E58DB37C-7CE3-487A-8F73-7BF92734EE12}.Release|Any CPU.Build.0 = Release|Any CPU
		{02EF302A-5D3E-484F-B7DF-08E0C159C128}.Debug|Any CPU.ActiveCfg = Debug|Any CPU
		{02EF302A-5D3E-484F-B7DF-08E0C159C128}.Debug|Any CPU.Build.0 = Debug|Any CPU
		{02EF302A-5D3E-484F-B7DF-08E0C159C128}.Release|Any CPU.ActiveCfg = Release|Any CPU
		{02EF302A-5D3E-484F-B7DF-08E0C159C128}.Release|Any CPU.Build.0 = Release|Any CPU
		{10F9CE03-29A7-4DB7-A1CF-543A50F0BBFD}.Debug|Any CPU.ActiveCfg = Debug|Any CPU
		{10F9CE03-29A7-4DB7-A1CF-543A50F0BBFD}.Debug|Any CPU.Build.0 = Debug|Any CPU
		{10F9CE03-29A7-4DB7-A1CF-543A50F0BBFD}.Release|Any CPU.ActiveCfg = Release|Any CPU
		{10F9CE03-29A7-4DB7-A1CF-543A50F0BBFD}.Release|Any CPU.Build.0 = Release|Any CPU
	EndGlobalSection
	GlobalSection(SolutionProperties) = preSolution
		HideSolutionNode = FALSE
	EndGlobalSection
	GlobalSection(ExtensibilityGlobals) = postSolution
		SolutionGuid = {A5DDE947-4ED2-4960-90A3-289405B7F560}
	EndGlobalSection
EndGlobal
